#MicroXplorer Configuration settings - do not modify
Mcu.Family=STM32F1
ProjectManager.MainLocation=Core/Src
RCC.MCOFreq_Value=8000000
PA6.Mode=Full_Duplex_Master
ProjectManager.ProjectFileName=kOs.ioc
USART2.IPParameters=VirtualMode
PA7.Mode=Full_Duplex_Master
ProjectManager.KeepUserCode=true
PA10.Mode=Multiprocessor_communication
Mcu.UserName=STM32F103C8Tx
Mcu.PinsNb=28
SPI1.VirtualType=VM_MASTER
PB10.Mode=I2C
ProjectManager.NoMain=false
SPI1.IPParameters=VirtualType,Mode,Direction,CalculateBaudRate,BaudRatePrescaler,CLKPolarity,CLKPhase,CRCCalculation,DataSize,FirstBit
RCC.PLLCLKFreq_Value=8000000
ProjectManager.functionlistsort=1-MX_GPIO_Init-GPIO-false-HAL-true,2-SystemClock_Config-RCC-false-HAL-false,3-MX_USART1_UART_Init-USART1-false-HAL-true,4-MX_SPI1_Init-SPI1-false-HAL-true,5-MX_USART2_UART_Init-USART2-false-HAL-true,6-MX_I2C2_Init-I2C2-false-HAL-true
RCC.ADCFreqValue=4000000
ProjectManager.DefaultFWLocation=true
SPI1.CLKPhase=SPI_PHASE_1EDGE
PB12.Locked=true
ProjectManager.DeletePrevious=true
USART1.IPParameters=VirtualMode
PB14.Locked=true
PB11.Signal=I2C2_SDA
PB13.Signal=GPIO_Output
PB15.Signal=GPIO_Output
PinOutPanel.RotationAngle=0
RCC.FamilyName=M
RCC.SYSCLKSource=RCC_SYSCLKSOURCE_PLLCLK
ProjectManager.StackSize=0x400
PA3.Mode=Multiprocessor_communication
PA13.Signal=SYS_JTMS-SWDIO
Mcu.IP4=SYS
RCC.FCLKCortexFreq_Value=8000000
Mcu.IP5=USART1
NVIC.SVCall_IRQn=true\:0\:0\:false\:false\:true\:false\:false
Mcu.IP2=RCC
Mcu.IP3=SPI1
Mcu.IP0=I2C2
PA9.Mode=Multiprocessor_communication
Mcu.IP1=NVIC
SPI1.CLKPolarity=SPI_POLARITY_LOW
Mcu.UserConstants=
PB11.Mode=I2C
ProjectManager.TargetToolchain=STM32CubeIDE
Mcu.ThirdPartyNb=0
SPI1.Direction=SPI_DIRECTION_2LINES
RCC.HCLKFreq_Value=8000000
Mcu.IPNb=7
ProjectManager.PreviousToolchain=STM32CubeIDE
RCC.APB2TimFreq_Value=8000000
PA9.Signal=USART1_TX
PB6.Signal=GPIO_Output
PB5.Locked=true
PB9.Locked=true
SPI1.CalculateBaudRate=4.0 MBits/s
Mcu.Pin6=PB0
Mcu.Pin7=PB1
ProjectManager.RegisterCallBack=
Mcu.Pin8=PB2
RCC.USBFreq_Value=8000000
Mcu.Pin9=PB10
RCC.AHBFreq_Value=8000000
PB13.Locked=true
Mcu.Pin0=PA2
PB1.Locked=true
Mcu.Pin1=PA3
GPIO.groupedBy=Group By Peripherals
PB10.Signal=I2C2_SCL
Mcu.Pin2=PA4
Mcu.Pin3=PA5
Mcu.Pin4=PA6
Mcu.Pin5=PA7
PB14.Signal=GPIO_Output
PA5.Signal=SPI1_SCK
ProjectManager.ProjectBuild=false
NVIC.UsageFault_IRQn=true\:0\:0\:false\:false\:true\:false\:false
NVIC.DebugMonitor_IRQn=true\:0\:0\:false\:false\:true\:false\:false
PB2.Signal=GPIO_Output
PB3.Mode=JTAG_4_pins
board=custom
PA4.Locked=true
PA15.Mode=JTAG_4_pins
NVIC.SysTick_IRQn=true\:0\:0\:false\:false\:true\:false\:true
ProjectManager.LastFirmware=true
ProjectManager.FirmwarePackage=STM32Cube FW_F1 V1.8.3
MxDb.Version=DB.6.0.10
RCC.APB2Freq_Value=8000000
SPI1.CRCCalculation=SPI_CRCCALCULATION_DISABLE
ProjectManager.BackupPrevious=false
MxCube.Version=6.1.1
SPI1.Mode=SPI_MODE_MASTER
PA14.Mode=JTAG_4_pins
SPI1.DataSize=SPI_DATASIZE_8BIT
File.Version=6
VP_SYS_VS_Systick.Mode=SysTick
PB7.Signal=GPIO_Output
PB8.Locked=true
NVIC.NonMaskableInt_IRQn=true\:0\:0\:false\:false\:true\:false\:false
PB6.Locked=true
NVIC.PendSV_IRQn=true\:0\:0\:false\:false\:true\:false\:false
SPI1.FirstBit=SPI_FIRSTBIT_MSB
PA13.Mode=JTAG_4_pins
ProjectManager.FreePins=false
RCC.IPParameters=ADCFreqValue,AHBFreq_Value,APB1Freq_Value,APB1TimFreq_Value,APB2Freq_Value,APB2TimFreq_Value,FCLKCortexFreq_Value,FamilyName,HCLKFreq_Value,MCOFreq_Value,PLLCLKFreq_Value,PLLMCOFreq_Value,SYSCLKFreq_VALUE,SYSCLKSource,TimSysFreq_Value,USBFreq_Value
ProjectManager.AskForMigrate=true
Mcu.Name=STM32F103C(8-B)Tx
ProjectManager.HalAssertFull=false
PB0.Locked=true
Mcu.Pin26=PB9
Mcu.Pin27=VP_SYS_VS_Systick
PA2.Signal=USART2_TX
Mcu.Pin24=PB7
ProjectManager.ProjectName=kOs
ProjectManager.UnderRoot=true
Mcu.Pin25=PB8
PB2.Locked=true
Mcu.IP6=USART2
RCC.PLLMCOFreq_Value=4000000
ProjectManager.CoupleFile=false
PB4.Locked=true
PB3.Signal=SYS_JTDO-TRACESWO
PA4.Signal=GPIO_Output
RCC.SYSCLKFreq_VALUE=8000000
Mcu.Package=LQFP48
PB5.Signal=GPIO_Output
Mcu.Pin22=PB5
PB9.Signal=GPIO_Input
PB1.Signal=GPIO_Output
PA6.Signal=SPI1_MISO
Mcu.Pin23=PB6
RCC.TimSysFreq_Value=8000000
Mcu.Pin20=PB3
Mcu.Pin21=PB4
NVIC.ForceEnableDMAVector=true
KeepUserPlacement=false
USART2.VirtualMode=VM_ASYNC
NVIC.MemoryManagement_IRQn=true\:0\:0\:false\:false\:true\:false\:false
USART1.VirtualMode=VM_ASYNC
ProjectManager.CompilerOptimize=6
ProjectManager.ToolChainLocation=
VP_SYS_VS_Systick.Signal=SYS_VS_Systick
PA10.Signal=USART1_RX
PA14.Signal=SYS_JTCK-SWCLK
PA15.Signal=SYS_JTDI
ProjectManager.HeapSize=0x200
Mcu.Pin15=PA9
NVIC.HardFault_IRQn=true\:0\:0\:false\:false\:true\:false\:false
Mcu.Pin16=PA10
Mcu.Pin13=PB14
Mcu.Pin14=PB15
Mcu.Pin19=PA15
ProjectManager.ComputerToolchain=false
Mcu.Pin17=PA13
Mcu.Pin18=PA14
NVIC.PriorityGroup=NVIC_PRIORITYGROUP_4
Mcu.Pin11=PB12
Mcu.Pin12=PB13
Mcu.Pin10=PB11
PB7.Locked=true
RCC.APB1TimFreq_Value=8000000
PA2.Mode=Multiprocessor_communication
PB8.Signal=GPIO_Input
NVIC.BusFault_IRQn=true\:0\:0\:false\:false\:true\:false\:false
NVIC.USART1_IRQn=true\:0\:0\:false\:false\:true\:true\:true
RCC.APB1Freq_Value=8000000
SPI1.BaudRatePrescaler=SPI_BAUDRATEPRESCALER_2
PB0.Signal=GPIO_Output
ProjectManager.CustomerFirmwarePackage=
ProjectManager.DeviceId=STM32F103C8Tx
PB12.Signal=GPIO_Output
ProjectManager.LibraryCopy=1
PB15.Locked=true
PB4.Signal=GPIO_Output
PA3.Signal=USART2_RX
PA5.Mode=Full_Duplex_Master
PA7.Signal=SPI1_MOSI
PA6.Locked=true
